# This file is autogenerated, do not edit; changes may be undone by the next 'dep ensure'.


[[projects]]
  branch = "master"
  digest = "1:fd5e192e8bba62f6232b5eb19344ed4a948e35d857c0cfa4f10a834dbe135853"
  name = "github.com/fromanirh/cpuid"
  packages = ["."]
  pruneopts = "UT"
  revision = "96426c4a1826d089033ead52fdedce2d527dea86"

[solve-meta]
  analyzer-name = "dep"
  analyzer-version = 1
  input-imports = ["github.com/fromanirh/cpuid"]
  solver-name = "gps-cdcl"
  solver-version = 1
